# This file was autogenerated by uv via the following command:
#    uv pip compile pyproject.toml -o uv.lock
aiohappyeyeballs==2.6.1
    # via aiohttp
aiohttp==3.11.15
    # via elasticsearch
aiosignal==1.3.2
    # via aiohttp
annotated-types==0.7.0
    # via pydantic
anyio==4.9.0
    # via starlette
attrs==25.3.0
    # via aiohttp
certifi==2025.1.31
    # via elasticsearch
click==8.1.8
    # via uvicorn
elasticsearch==7.17.12
    # via xmemory (pyproject.toml)
fastapi==0.115.12
    # via xmemory (pyproject.toml)
frozenlist==1.5.0
    # via
    #   aiohttp
    #   aiosignal
h11==0.14.0
    # via uvicorn
idna==3.10
    # via
    #   anyio
    #   yarl
iniconfig==2.1.0
    # via pytest
multidict==6.3.1
    # via
    #   aiohttp
    #   yarl
numpy==2.2.4
    # via xmemory (pyproject.toml)
packaging==24.2
    # via pytest
pluggy==1.5.0
    # via pytest
propcache==0.3.1
    # via
    #   aiohttp
    #   yarl
pydantic==2.11.1
    # via
    #   fastapi
    #   pydantic-settings
pydantic-core==2.33.0
    # via pydantic
pydantic-settings==2.8.1
    # via xmemory (pyproject.toml)
pytest==8.3.5
    # via
    #   xmemory (pyproject.toml)
    #   pytest-asyncio
pytest-asyncio==0.26.0
    # via xmemory (pyproject.toml)
python-dotenv==1.1.0
    # via
    #   xmemory (pyproject.toml)
    #   pydantic-settings
sniffio==1.3.1
    # via anyio
starlette==0.46.1
    # via fastapi
typing-extensions==4.13.0
    # via
    #   anyio
    #   fastapi
    #   pydantic
    #   pydantic-core
    #   typing-inspection
typing-inspection==0.4.0
    # via pydantic
urllib3==1.26.20
    # via elasticsearch
uvicorn==0.34.0
    # via xmemory (pyproject.toml)
yarl==1.18.3
    # via aiohttp
