# This file was autogenerated by uv via the following command:
#    uv pip compile pyproject.toml -o uv.lock
aiohappyeyeballs==2.6.1
    # via aiohttp
aiohttp==3.11.16
    # via elasticsearch
aiosignal==1.3.2
    # via aiohttp
annotated-types==0.7.0
    # via pydantic
anyio==4.9.0
    # via
    #   httpx
    #   openai
    #   starlette
attrs==25.3.0
    # via aiohttp
certifi==2025.1.31
    # via
    #   elastic-transport
    #   httpcore
    #   httpx
click==8.1.8
    # via uvicorn
distro==1.9.0
    # via openai
elastic-transport==8.17.1
    # via elasticsearch
elasticsearch==8.17.2
    # via xmemory (pyproject.toml)
fastapi==0.115.12
    # via xmemory (pyproject.toml)
frozenlist==1.5.0
    # via
    #   aiohttp
    #   aiosignal
h11==0.14.0
    # via
    #   httpcore
    #   uvicorn
httpcore==1.0.7
    # via httpx
httpx==0.28.1
    # via openai
idna==3.10
    # via
    #   anyio
    #   httpx
    #   yarl
iniconfig==2.1.0
    # via pytest
jiter==0.9.0
    # via openai
multidict==6.2.0
    # via
    #   aiohttp
    #   yarl
numpy==2.2.4
    # via xmemory (pyproject.toml)
openai==1.70.0
    # via xmemory (pyproject.toml)
packaging==24.2
    # via pytest
pluggy==1.5.0
    # via pytest
propcache==0.3.1
    # via
    #   aiohttp
    #   yarl
pydantic==2.11.2
    # via
    #   fastapi
    #   openai
    #   pydantic-settings
pydantic-core==2.33.1
    # via pydantic
pydantic-settings==2.8.1
    # via xmemory (pyproject.toml)
pytest==8.3.5
    # via
    #   xmemory (pyproject.toml)
    #   pytest-asyncio
pytest-asyncio==0.26.0
    # via xmemory (pyproject.toml)
python-dateutil==2.9.0.post0
    # via xmemory (pyproject.toml)
python-dotenv==1.1.0
    # via
    #   xmemory (pyproject.toml)
    #   pydantic-settings
pytz==2025.2
    # via xmemory (pyproject.toml)
six==1.17.0
    # via python-dateutil
sniffio==1.3.1
    # via
    #   anyio
    #   openai
starlette==0.46.1
    # via fastapi
tqdm==4.67.1
    # via openai
typing-extensions==4.13.0
    # via
    #   anyio
    #   fastapi
    #   openai
    #   pydantic
    #   pydantic-core
    #   typing-inspection
typing-inspection==0.4.0
    # via pydantic
urllib3==2.3.0
    # via elastic-transport
uvicorn==0.34.0
    # via xmemory (pyproject.toml)
yarl==1.18.3
    # via aiohttp
